
Microsoft Visual Studio Solution File, Format Version 12.00
# Visual Studio Version 17
VisualStudioVersion = 17.3.32804.467
MinimumVisualStudioVersion = 10.0.40219.1
Project("{FAE04EC0-301F-11D3-BF4B-00C04F79EFBC}") = "FootballWorldCupScoreBoard", "FootballWorldCupScoreBoard\FootballWorldCupScoreBoard.csproj", "{080C4C4A-C55E-4D77-B7A9-88C4491255EE}"
EndProject
Global
	GlobalSection(SolutionConfigurationPlatforms) = preSolution
		Debug|Any CPU = Debug|Any CPU
		Release|Any CPU = Release|Any CPU
	EndGlobalSection
	GlobalSection(ProjectConfigurationPlatforms) = postSolution
		{080C4C4A-C55E-4D77-B7A9-88C4491255EE}.Debug|Any CPU.ActiveCfg = Debug|Any CPU
		{080C4C4A-C55E-4D77-B7A9-88C4491255EE}.Debug|Any CPU.Build.0 = Debug|Any CPU
		{080C4C4A-C55E-4D77-B7A9-88C4491255EE}.Release|Any CPU.ActiveCfg = Release|Any CPU
		{080C4C4A-C55E-4D77-B7A9-88C4491255EE}.Release|Any CPU.Build.0 = Release|Any CPU
	EndGlobalSection
	GlobalSection(SolutionProperties) = preSolution
		HideSolutionNode = FALSE
	EndGlobalSection
	GlobalSection(ExtensibilityGlobals) = postSolution
		SolutionGuid = {33E712A8-EBF7-4E49-A006-7F145BCBCA93}
	EndGlobalSection
EndGlobal
